{
    "_readme": [
        "This file locks the dependencies of your project to a known state",
        "Read more about it at https://getcomposer.org/doc/01-basic-usage.md#installing-dependencies",
        "This file is @generated automatically"
    ],
    "content-hash": "ab71d3aa51d99c78221d5f507fd3b178",
    "packages": [
        {
            "name": "almasaeed2010/adminlte",
            "version": "dev-v4-dev",
            "source": {
                "type": "git",
                "url": "https://github.com/ColorlibHQ/AdminLTE.git",
                "reference": "6e317ed3bfe148a41240c6b57e766a7427ab43ef"
            },
            "dist": {
                "type": "zip",
                "url": "https://api.github.com/repos/ColorlibHQ/AdminLTE/zipball/6e317ed3bfe148a41240c6b57e766a7427ab43ef",
                "reference": "6e317ed3bfe148a41240c6b57e766a7427ab43ef",
                "shasum": ""
            },
            "type": "library",
            "license": [
                "MIT"
            ],
            "authors": [
                {
                    "name": "Colorlib"
                }
            ],
            "description": "AdminLTE - admin control panel and dashboard that's based on Bootstrap 4",
            "homepage": "https://adminlte.io/",
            "keywords": [
                "admin",
                "back-end",
                "css",
                "js",
                "less",
                "responsive",
                "template",
                "theme",
                "web"
            ],
            "support": {
                "issues": "https://github.com/ColorlibHQ/AdminLTE/issues",
                "source": "https://github.com/ColorlibHQ/AdminLTE/tree/v4-dev"
            },
            "time": "2022-06-19T09:46:59+00:00"
        }
    ],
    "packages-dev": [],
    "aliases": [],
    "minimum-stability": "stable",
    "stability-flags": {
        "almasaeed2010/adminlte": 20
    },
    "prefer-stable": false,
    "prefer-lowest": false,
    "platform": [],
    "platform-dev": [],
    "plugin-api-version": "2.3.0"
}
